{
  "name": "armstrong-react",
  "version": "0.1.0",
  "dependencies": {
    "abbrev": {
      "version": "1.0.7",
      "from": "abbrev@>=1.0.0 <2.0.0",
      "resolved": "https://registry.npmjs.org/abbrev/-/abbrev-1.0.7.tgz"
    },
    "agent-base": {
      "version": "2.0.1",
      "from": "agent-base@>=2.0.0 <3.0.0",
      "resolved": "https://registry.npmjs.org/agent-base/-/agent-base-2.0.1.tgz"
    },
    "ansi-regex": {
      "version": "2.0.0",
      "from": "ansi-regex@>=2.0.0 <3.0.0",
      "resolved": "https://registry.npmjs.org/ansi-regex/-/ansi-regex-2.0.0.tgz"
    },
    "ansi-styles": {
      "version": "2.2.1",
      "from": "ansi-styles@>=2.2.1 <3.0.0",
      "resolved": "https://registry.npmjs.org/ansi-styles/-/ansi-styles-2.2.1.tgz"
    },
    "any-promise": {
      "version": "1.1.0",
      "from": "any-promise@>=1.0.0 <2.0.0",
      "resolved": "https://registry.npmjs.org/any-promise/-/any-promise-1.1.0.tgz"
    },
    "archy": {
      "version": "1.0.0",
      "from": "archy@>=1.0.0 <2.0.0",
      "resolved": "https://registry.npmjs.org/archy/-/archy-1.0.0.tgz"
    },
    "array-uniq": {
      "version": "1.0.2",
      "from": "array-uniq@>=1.0.2 <2.0.0",
      "resolved": "https://registry.npmjs.org/array-uniq/-/array-uniq-1.0.2.tgz"
    },
    "arrify": {
      "version": "1.0.1",
      "from": "arrify@>=1.0.0 <2.0.0",
      "resolved": "http://rmci1.rocketmakers.net:8081/npm/NodeJS/arrify/-/arrify-1.0.1.tgz"
    },
    "asap": {
      "version": "2.0.3",
      "from": "asap@>=2.0.3 <2.1.0",
      "resolved": "https://registry.npmjs.org/asap/-/asap-2.0.3.tgz"
    },
    "async": {
      "version": "0.9.2",
      "from": "async@>=0.9.0 <0.10.0",
      "resolved": "https://registry.npmjs.org/async/-/async-0.9.2.tgz"
    },
    "babel-plugin-syntax-flow": {
      "version": "6.5.0",
      "from": "babel-plugin-syntax-flow@>=6.5.0 <7.0.0",
      "resolved": "https://registry.npmjs.org/babel-plugin-syntax-flow/-/babel-plugin-syntax-flow-6.5.0.tgz"
    },
    "babel-runtime": {
      "version": "5.8.38",
      "from": "babel-runtime@>=5.0.0 <6.0.0",
      "resolved": "https://registry.npmjs.org/babel-runtime/-/babel-runtime-5.8.38.tgz"
    },
    "balanced-match": {
      "version": "0.3.0",
      "from": "balanced-match@>=0.3.0 <0.4.0",
      "resolved": "http://rmci1.rocketmakers.net:8081/npm/NodeJS/balanced-match/-/balanced-match-0.3.0.tgz"
    },
    "bluebird": {
      "version": "3.3.5",
      "from": "bluebird@>=3.1.1 <4.0.0",
      "resolved": "https://registry.npmjs.org/bluebird/-/bluebird-3.3.5.tgz"
    },
    "boxen": {
      "version": "0.3.1",
      "from": "boxen@>=0.3.1 <0.4.0",
      "resolved": "https://registry.npmjs.org/boxen/-/boxen-0.3.1.tgz"
    },
    "brace-expansion": {
      "version": "1.1.3",
      "from": "brace-expansion@>=1.0.0 <2.0.0",
      "resolved": "https://registry.npmjs.org/brace-expansion/-/brace-expansion-1.1.3.tgz"
    },
    "capture-stack-trace": {
      "version": "1.0.0",
      "from": "capture-stack-trace@>=1.0.0 <2.0.0",
      "resolved": "https://registry.npmjs.org/capture-stack-trace/-/capture-stack-trace-1.0.0.tgz"
    },
    "chalk": {
      "version": "1.1.3",
      "from": "chalk@>=1.0.0 <2.0.0",
      "resolved": "https://registry.npmjs.org/chalk/-/chalk-1.1.3.tgz"
    },
    "classnames": {
      "version": "2.2.3",
      "from": "classnames@latest",
      "resolved": "https://registry.npmjs.org/classnames/-/classnames-2.2.3.tgz"
    },
    "clone": {
      "version": "1.0.2",
      "from": "clone@>=1.0.2 <2.0.0",
      "resolved": "https://registry.npmjs.org/clone/-/clone-1.0.2.tgz"
    },
    "code-point-at": {
      "version": "1.0.0",
      "from": "code-point-at@>=1.0.0 <2.0.0",
      "resolved": "https://registry.npmjs.org/code-point-at/-/code-point-at-1.0.0.tgz"
    },
    "columnify": {
      "version": "1.5.4",
      "from": "columnify@>=1.5.2 <2.0.0",
      "resolved": "https://registry.npmjs.org/columnify/-/columnify-1.5.4.tgz"
    },
    "combined-stream": {
      "version": "0.0.7",
      "from": "combined-stream@>=0.0.4 <0.1.0",
      "resolved": "https://registry.npmjs.org/combined-stream/-/combined-stream-0.0.7.tgz"
    },
    "concat-map": {
      "version": "0.0.1",
      "from": "concat-map@0.0.1",
      "resolved": "http://rmci1.rocketmakers.net:8081/npm/NodeJS/concat-map/-/concat-map-0.0.1.tgz"
    },
    "concat-stream": {
      "version": "1.5.1",
      "from": "concat-stream@>=1.4.7 <2.0.0",
      "resolved": "https://registry.npmjs.org/concat-stream/-/concat-stream-1.5.1.tgz"
    },
    "configstore": {
      "version": "2.0.0",
      "from": "configstore@>=2.0.0 <3.0.0",
      "resolved": "https://registry.npmjs.org/configstore/-/configstore-2.0.0.tgz"
    },
    "core-js": {
      "version": "1.2.6",
      "from": "core-js@>=1.0.0 <2.0.0",
      "resolved": "http://rmci1.rocketmakers.net:8081/npm/NodeJS/core-js/-/core-js-1.2.6.tgz"
    },
    "core-util-is": {
      "version": "1.0.2",
      "from": "core-util-is@>=1.0.0 <1.1.0",
      "resolved": "http://rmci1.rocketmakers.net:8081/npm/NodeJS/core-util-is/-/core-util-is-1.0.2.tgz"
    },
    "create-error-class": {
      "version": "3.0.2",
      "from": "create-error-class@>=3.0.1 <4.0.0",
      "resolved": "https://registry.npmjs.org/create-error-class/-/create-error-class-3.0.2.tgz"
    },
    "debug": {
      "version": "2.2.0",
      "from": "debug@>=2.2.0 <3.0.0",
      "resolved": "http://rmci1.rocketmakers.net:8081/npm/NodeJS/debug/-/debug-2.2.0.tgz"
    },
    "deep-extend": {
      "version": "0.4.1",
      "from": "deep-extend@>=0.4.0 <0.5.0",
      "resolved": "https://registry.npmjs.org/deep-extend/-/deep-extend-0.4.1.tgz"
    },
    "defaults": {
      "version": "1.0.3",
      "from": "defaults@>=1.0.0 <2.0.0",
      "resolved": "https://registry.npmjs.org/defaults/-/defaults-1.0.3.tgz"
    },
    "delayed-stream": {
      "version": "0.0.5",
      "from": "delayed-stream@0.0.5",
      "resolved": "http://rmci1.rocketmakers.net:8081/npm/NodeJS/delayed-stream/-/delayed-stream-0.0.5.tgz"
    },
    "detect-indent": {
      "version": "4.0.0",
      "from": "detect-indent@>=4.0.0 <5.0.0",
      "resolved": "https://registry.npmjs.org/detect-indent/-/detect-indent-4.0.0.tgz"
    },
    "dot-prop": {
      "version": "2.4.0",
      "from": "dot-prop@>=2.3.0 <3.0.0",
      "resolved": "https://registry.npmjs.org/dot-prop/-/dot-prop-2.4.0.tgz"
    },
    "duplexer2": {
      "version": "0.1.4",
      "from": "duplexer2@>=0.1.4 <0.2.0",
      "resolved": "https://registry.npmjs.org/duplexer2/-/duplexer2-0.1.4.tgz"
    },
    "encoding": {
      "version": "0.1.12",
      "from": "encoding@>=0.1.11 <0.2.0",
      "resolved": "https://registry.npmjs.org/encoding/-/encoding-0.1.12.tgz"
    },
    "error-ex": {
      "version": "1.3.0",
      "from": "error-ex@>=1.2.0 <2.0.0",
      "resolved": "https://registry.npmjs.org/error-ex/-/error-ex-1.3.0.tgz"
    },
    "escape-string-regexp": {
      "version": "1.0.5",
      "from": "escape-string-regexp@>=1.0.2 <2.0.0",
      "resolved": "https://registry.npmjs.org/escape-string-regexp/-/escape-string-regexp-1.0.5.tgz"
    },
    "extend": {
      "version": "3.0.0",
      "from": "extend@>=3.0.0 <4.0.0",
      "resolved": "http://rmci1.rocketmakers.net:8081/npm/NodeJS/extend/-/extend-3.0.0.tgz"
    },
    "fbjs": {
      "version": "0.8.1",
      "from": "fbjs@>=0.8.0 <0.9.0",
      "resolved": "https://registry.npmjs.org/fbjs/-/fbjs-0.8.1.tgz"
    },
    "filled-array": {
      "version": "1.1.0",
      "from": "filled-array@>=1.0.0 <2.0.0",
      "resolved": "https://registry.npmjs.org/filled-array/-/filled-array-1.1.0.tgz"
    },
    "form-data": {
      "version": "0.2.0",
      "from": "form-data@>=0.2.0 <0.3.0",
      "resolved": "http://rmci1.rocketmakers.net:8081/npm/NodeJS/form-data/-/form-data-0.2.0.tgz"
    },
    "function-bind": {
      "version": "1.1.0",
      "from": "function-bind@>=1.0.2 <2.0.0",
      "resolved": "https://registry.npmjs.org/function-bind/-/function-bind-1.1.0.tgz"
    },
    "glob": {
      "version": "7.0.3",
      "from": "glob@>=7.0.0 <8.0.0",
      "resolved": "https://registry.npmjs.org/glob/-/glob-7.0.3.tgz"
    },
    "got": {
      "version": "5.6.0",
      "from": "got@>=5.0.0 <6.0.0",
      "resolved": "https://registry.npmjs.org/got/-/got-5.6.0.tgz"
    },
    "graceful-fs": {
      "version": "4.1.3",
      "from": "graceful-fs@>=4.1.2 <5.0.0",
      "resolved": "http://rmci1.rocketmakers.net:8081/npm/NodeJS/graceful-fs/-/graceful-fs-4.1.3.tgz"
    },
    "has": {
      "version": "1.0.1",
      "from": "has@>=1.0.1 <2.0.0",
      "resolved": "https://registry.npmjs.org/has/-/has-1.0.1.tgz"
    },
    "has-ansi": {
      "version": "2.0.0",
      "from": "has-ansi@>=2.0.0 <3.0.0",
      "resolved": "https://registry.npmjs.org/has-ansi/-/has-ansi-2.0.0.tgz"
    },
    "http-proxy-agent": {
      "version": "1.0.0",
      "from": "http-proxy-agent@>=1.0.0 <2.0.0",
      "resolved": "https://registry.npmjs.org/http-proxy-agent/-/http-proxy-agent-1.0.0.tgz"
    },
    "https-proxy-agent": {
      "version": "1.0.0",
      "from": "https-proxy-agent@>=1.0.0 <2.0.0",
      "resolved": "https://registry.npmjs.org/https-proxy-agent/-/https-proxy-agent-1.0.0.tgz"
    },
    "iconv-lite": {
      "version": "0.4.13",
      "from": "iconv-lite@>=0.4.13 <0.5.0",
      "resolved": "https://registry.npmjs.org/iconv-lite/-/iconv-lite-0.4.13.tgz"
    },
    "imurmurhash": {
      "version": "0.1.4",
      "from": "imurmurhash@>=0.1.4 <0.2.0",
      "resolved": "http://rmci1.rocketmakers.net:8081/npm/NodeJS/imurmurhash/-/imurmurhash-0.1.4.tgz"
    },
    "inflight": {
      "version": "1.0.4",
      "from": "inflight@>=1.0.4 <2.0.0",
      "resolved": "https://registry.npmjs.org/inflight/-/inflight-1.0.4.tgz"
    },
    "inherits": {
      "version": "2.0.1",
      "from": "inherits@>=2.0.1 <2.1.0",
      "resolved": "http://rmci1.rocketmakers.net:8081/npm/NodeJS/inherits/-/inherits-2.0.1.tgz"
    },
    "ini": {
      "version": "1.3.4",
      "from": "ini@>=1.3.0 <1.4.0",
      "resolved": "https://registry.npmjs.org/ini/-/ini-1.3.4.tgz"
    },
    "invariant": {
      "version": "2.2.1",
      "from": "invariant@>=2.2.0 <3.0.0",
      "resolved": "https://registry.npmjs.org/invariant/-/invariant-2.2.1.tgz"
    },
    "is-absolute": {
      "version": "0.2.5",
      "from": "is-absolute@>=0.2.3 <0.3.0",
      "resolved": "https://registry.npmjs.org/is-absolute/-/is-absolute-0.2.5.tgz"
    },
    "is-arrayish": {
      "version": "0.2.1",
      "from": "is-arrayish@>=0.2.1 <0.3.0",
      "resolved": "https://registry.npmjs.org/is-arrayish/-/is-arrayish-0.2.1.tgz"
    },
    "is-finite": {
      "version": "1.0.1",
      "from": "is-finite@>=1.0.0 <2.0.0",
      "resolved": "https://registry.npmjs.org/is-finite/-/is-finite-1.0.1.tgz"
    },
    "is-fullwidth-code-point": {
      "version": "1.0.0",
      "from": "is-fullwidth-code-point@>=1.0.0 <2.0.0",
      "resolved": "https://registry.npmjs.org/is-fullwidth-code-point/-/is-fullwidth-code-point-1.0.0.tgz"
    },
    "is-npm": {
      "version": "1.0.0",
      "from": "is-npm@>=1.0.0 <2.0.0",
      "resolved": "https://registry.npmjs.org/is-npm/-/is-npm-1.0.0.tgz"
    },
    "is-obj": {
      "version": "1.0.1",
      "from": "is-obj@>=1.0.0 <2.0.0",
      "resolved": "https://registry.npmjs.org/is-obj/-/is-obj-1.0.1.tgz"
    },
    "is-plain-obj": {
      "version": "1.1.0",
      "from": "is-plain-obj@>=1.0.0 <2.0.0",
      "resolved": "https://registry.npmjs.org/is-plain-obj/-/is-plain-obj-1.1.0.tgz"
    },
    "is-redirect": {
      "version": "1.0.0",
      "from": "is-redirect@>=1.0.0 <2.0.0",
      "resolved": "https://registry.npmjs.org/is-redirect/-/is-redirect-1.0.0.tgz"
    },
    "is-relative": {
      "version": "0.2.1",
      "from": "is-relative@>=0.2.1 <0.3.0",
      "resolved": "https://registry.npmjs.org/is-relative/-/is-relative-0.2.1.tgz"
    },
    "is-retry-allowed": {
      "version": "1.0.0",
      "from": "is-retry-allowed@>=1.0.0 <2.0.0",
      "resolved": "https://registry.npmjs.org/is-retry-allowed/-/is-retry-allowed-1.0.0.tgz"
    },
    "is-stream": {
      "version": "1.1.0",
      "from": "is-stream@>=1.0.1 <2.0.0",
      "resolved": "https://registry.npmjs.org/is-stream/-/is-stream-1.1.0.tgz"
    },
    "is-unc-path": {
      "version": "0.1.1",
      "from": "is-unc-path@>=0.1.1 <0.2.0",
      "resolved": "https://registry.npmjs.org/is-unc-path/-/is-unc-path-0.1.1.tgz"
    },
    "is-utf8": {
      "version": "0.2.1",
      "from": "is-utf8@>=0.2.0 <0.3.0",
      "resolved": "https://registry.npmjs.org/is-utf8/-/is-utf8-0.2.1.tgz"
    },
    "is-windows": {
      "version": "0.1.1",
      "from": "is-windows@>=0.1.1 <0.2.0",
      "resolved": "https://registry.npmjs.org/is-windows/-/is-windows-0.1.1.tgz"
    },
    "isarray": {
      "version": "0.0.1",
      "from": "isarray@0.0.1",
      "resolved": "http://rmci1.rocketmakers.net:8081/npm/NodeJS/isarray/-/isarray-0.0.1.tgz"
    },
    "isobject": {
      "version": "2.0.0",
      "from": "isobject@>=2.0.0 <3.0.0",
      "resolved": "https://registry.npmjs.org/isobject/-/isobject-2.0.0.tgz"
    },
    "isomorphic-fetch": {
      "version": "2.2.1",
      "from": "isomorphic-fetch@>=2.1.1 <3.0.0",
      "resolved": "https://registry.npmjs.org/isomorphic-fetch/-/isomorphic-fetch-2.2.1.tgz"
    },
    "js-tokens": {
      "version": "1.0.3",
      "from": "js-tokens@>=1.0.1 <2.0.0",
      "resolved": "https://registry.npmjs.org/js-tokens/-/js-tokens-1.0.3.tgz"
    },
    "latest-version": {
      "version": "2.0.0",
      "from": "latest-version@>=2.0.0 <3.0.0",
      "resolved": "https://registry.npmjs.org/latest-version/-/latest-version-2.0.0.tgz"
    },
    "listify": {
      "version": "1.0.0",
      "from": "listify@>=1.0.0 <2.0.0",
      "resolved": "https://registry.npmjs.org/listify/-/listify-1.0.0.tgz"
    },
    "lockfile": {
      "version": "1.0.1",
      "from": "lockfile@>=1.0.1 <2.0.0",
      "resolved": "https://registry.npmjs.org/lockfile/-/lockfile-1.0.1.tgz"
    },
    "loose-envify": {
      "version": "1.1.0",
      "from": "loose-envify@>=1.1.0 <2.0.0",
      "resolved": "https://registry.npmjs.org/loose-envify/-/loose-envify-1.1.0.tgz"
    },
    "lowercase-keys": {
      "version": "1.0.0",
      "from": "lowercase-keys@>=1.0.0 <2.0.0",
      "resolved": "https://registry.npmjs.org/lowercase-keys/-/lowercase-keys-1.0.0.tgz"
    },
    "make-error": {
      "version": "1.1.1",
      "from": "make-error@>=1.1.1 <2.0.0",
      "resolved": "https://registry.npmjs.org/make-error/-/make-error-1.1.1.tgz"
    },
    "make-error-cause": {
      "version": "1.1.0",
      "from": "make-error-cause@>=1.1.0 <2.0.0",
      "resolved": "https://registry.npmjs.org/make-error-cause/-/make-error-cause-1.1.0.tgz"
    },
    "methods": {
      "version": "1.1.2",
      "from": "methods@>=1.1.1 <2.0.0",
      "resolved": "http://rmci1.rocketmakers.net:8081/npm/NodeJS/methods/-/methods-1.1.2.tgz"
    },
    "mime-db": {
      "version": "1.12.0",
      "from": "mime-db@>=1.12.0 <1.13.0",
      "resolved": "https://registry.npmjs.org/mime-db/-/mime-db-1.12.0.tgz"
    },
    "mime-types": {
      "version": "2.0.14",
      "from": "mime-types@>=2.0.3 <2.1.0",
      "resolved": "https://registry.npmjs.org/mime-types/-/mime-types-2.0.14.tgz"
    },
    "minimatch": {
      "version": "3.0.0",
      "from": "minimatch@>=2.0.0 <3.0.0||>=3.0.0 <4.0.0",
      "resolved": "https://registry.npmjs.org/minimatch/-/minimatch-3.0.0.tgz"
    },
    "minimist": {
      "version": "0.0.8",
      "from": "minimist@0.0.8",
      "resolved": "http://rmci1.rocketmakers.net:8081/npm/NodeJS/minimist/-/minimist-0.0.8.tgz"
    },
    "mkdirp": {
      "version": "0.5.1",
      "from": "mkdirp@>=0.5.0 <0.6.0",
      "resolved": "http://rmci1.rocketmakers.net:8081/npm/NodeJS/mkdirp/-/mkdirp-0.5.1.tgz"
    },
    "ms": {
      "version": "0.7.1",
      "from": "ms@0.7.1",
      "resolved": "https://registry.npmjs.org/ms/-/ms-0.7.1.tgz"
    },
    "node-fetch": {
      "version": "1.5.1",
      "from": "node-fetch@>=1.0.1 <2.0.0",
      "resolved": "https://registry.npmjs.org/node-fetch/-/node-fetch-1.5.1.tgz"
    },
    "node-status-codes": {
      "version": "1.0.0",
      "from": "node-status-codes@>=1.0.0 <2.0.0",
      "resolved": "https://registry.npmjs.org/node-status-codes/-/node-status-codes-1.0.0.tgz"
    },
    "nopt": {
      "version": "1.0.10",
      "from": "nopt@>=1.0.10 <1.1.0",
      "resolved": "http://rmci1.rocketmakers.net:8081/npm/NodeJS/nopt/-/nopt-1.0.10.tgz"
    },
    "number-is-nan": {
      "version": "1.0.0",
      "from": "number-is-nan@>=1.0.0 <2.0.0",
      "resolved": "https://registry.npmjs.org/number-is-nan/-/number-is-nan-1.0.0.tgz"
    },
    "object-assign": {
      "version": "4.0.1",
      "from": "object-assign@>=4.0.1 <5.0.0",
      "resolved": "https://registry.npmjs.org/object-assign/-/object-assign-4.0.1.tgz"
    },
    "object.pick": {
      "version": "1.1.2",
      "from": "object.pick@>=1.1.1 <2.0.0",
      "resolved": "https://registry.npmjs.org/object.pick/-/object.pick-1.1.2.tgz"
    },
    "once": {
      "version": "1.3.3",
      "from": "once@>=1.3.0 <2.0.0",
      "resolved": "https://registry.npmjs.org/once/-/once-1.3.3.tgz"
    },
    "os-homedir": {
      "version": "1.0.1",
      "from": "os-homedir@>=1.0.0 <2.0.0",
      "resolved": "https://registry.npmjs.org/os-homedir/-/os-homedir-1.0.1.tgz"
    },
    "os-tmpdir": {
      "version": "1.0.1",
      "from": "os-tmpdir@>=1.0.0 <2.0.0",
      "resolved": "https://registry.npmjs.org/os-tmpdir/-/os-tmpdir-1.0.1.tgz"
    },
    "osenv": {
      "version": "0.1.3",
      "from": "osenv@>=0.1.0 <0.2.0",
      "resolved": "https://registry.npmjs.org/osenv/-/osenv-0.1.3.tgz"
    },
    "package-json": {
      "version": "2.3.2",
      "from": "package-json@>=2.0.0 <3.0.0",
      "resolved": "https://registry.npmjs.org/package-json/-/package-json-2.3.2.tgz",
      "dependencies": {
        "semver": {
          "version": "5.1.0",
          "from": "semver@>=5.1.0 <6.0.0",
          "resolved": "https://registry.npmjs.org/semver/-/semver-5.1.0.tgz"
        }
      }
    },
    "parse-json": {
      "version": "2.2.0",
      "from": "parse-json@>=2.2.0 <3.0.0",
      "resolved": "https://registry.npmjs.org/parse-json/-/parse-json-2.2.0.tgz"
    },
    "path-is-absolute": {
      "version": "1.0.0",
      "from": "path-is-absolute@>=1.0.0 <2.0.0",
      "resolved": "https://registry.npmjs.org/path-is-absolute/-/path-is-absolute-1.0.0.tgz"
    },
    "pinkie": {
      "version": "2.0.4",
      "from": "pinkie@>=2.0.0 <3.0.0",
      "resolved": "https://registry.npmjs.org/pinkie/-/pinkie-2.0.4.tgz"
    },
    "pinkie-promise": {
      "version": "2.0.1",
      "from": "pinkie-promise@>=2.0.0 <3.0.0",
      "resolved": "https://registry.npmjs.org/pinkie-promise/-/pinkie-promise-2.0.1.tgz"
    },
    "popsicle": {
      "version": "5.0.1",
      "from": "popsicle@>=5.0.0 <6.0.0",
      "resolved": "https://registry.npmjs.org/popsicle/-/popsicle-5.0.1.tgz"
    },
    "popsicle-proxy-agent": {
      "version": "1.0.0",
      "from": "popsicle-proxy-agent@>=1.0.0 <2.0.0",
      "resolved": "https://registry.npmjs.org/popsicle-proxy-agent/-/popsicle-proxy-agent-1.0.0.tgz"
    },
    "popsicle-retry": {
      "version": "2.0.0",
      "from": "popsicle-retry@>=2.0.0 <3.0.0",
      "resolved": "https://registry.npmjs.org/popsicle-retry/-/popsicle-retry-2.0.0.tgz"
    },
    "popsicle-status": {
      "version": "1.0.2",
      "from": "popsicle-status@>=1.0.1 <2.0.0",
      "resolved": "https://registry.npmjs.org/popsicle-status/-/popsicle-status-1.0.2.tgz"
    },
    "prepend-http": {
      "version": "1.0.3",
      "from": "prepend-http@>=1.0.1 <2.0.0",
      "resolved": "https://registry.npmjs.org/prepend-http/-/prepend-http-1.0.3.tgz"
    },
    "process-nextick-args": {
      "version": "1.0.6",
      "from": "process-nextick-args@>=1.0.6 <1.1.0",
      "resolved": "https://registry.npmjs.org/process-nextick-args/-/process-nextick-args-1.0.6.tgz"
    },
    "promise": {
      "version": "7.1.1",
      "from": "promise@>=7.1.1 <8.0.0",
      "resolved": "https://registry.npmjs.org/promise/-/promise-7.1.1.tgz"
    },
    "promise-finally": {
      "version": "2.1.0",
      "from": "promise-finally@>=2.0.1 <3.0.0",
      "resolved": "https://registry.npmjs.org/promise-finally/-/promise-finally-2.1.0.tgz"
    },
    "rc": {
      "version": "1.1.6",
      "from": "rc@>=1.1.5 <2.0.0",
      "resolved": "https://registry.npmjs.org/rc/-/rc-1.1.6.tgz",
      "dependencies": {
        "minimist": {
          "version": "1.2.0",
          "from": "minimist@>=1.2.0 <2.0.0"
        }
      }
    },
    "react": {
      "version": "15.0.1",
      "from": "react@latest",
      "resolved": "https://registry.npmjs.org/react/-/react-15.0.1.tgz"
    },
    "read-all-stream": {
      "version": "3.1.0",
      "from": "read-all-stream@>=3.0.0 <4.0.0",
      "resolved": "https://registry.npmjs.org/read-all-stream/-/read-all-stream-3.1.0.tgz"
    },
    "readable-stream": {
      "version": "2.0.6",
      "from": "readable-stream@>=2.0.0 <2.1.0",
      "resolved": "https://registry.npmjs.org/readable-stream/-/readable-stream-2.0.6.tgz",
      "dependencies": {
        "isarray": {
          "version": "1.0.0",
          "from": "isarray@>=1.0.0 <1.1.0",
          "resolved": "http://rmci1.rocketmakers.net:8081/npm/NodeJS/isarray/-/isarray-1.0.0.tgz"
        }
      }
    },
    "registry-url": {
      "version": "3.1.0",
      "from": "registry-url@>=3.0.3 <4.0.0",
      "resolved": "https://registry.npmjs.org/registry-url/-/registry-url-3.1.0.tgz"
    },
    "repeating": {
      "version": "2.0.1",
      "from": "repeating@>=2.0.0 <3.0.0",
      "resolved": "https://registry.npmjs.org/repeating/-/repeating-2.0.1.tgz"
    },
    "rimraf": {
      "version": "2.5.2",
      "from": "rimraf@>=2.4.4 <3.0.0",
      "resolved": "https://registry.npmjs.org/rimraf/-/rimraf-2.5.2.tgz"
    },
    "semver": {
      "version": "5.0.3",
      "from": "semver@>=5.0.1 <5.1.0",
      "resolved": "https://registry.npmjs.org/semver/-/semver-5.0.3.tgz"
    },
    "semver-diff": {
      "version": "2.1.0",
      "from": "semver-diff@>=2.0.0 <3.0.0",
      "resolved": "https://registry.npmjs.org/semver-diff/-/semver-diff-2.1.0.tgz"
    },
    "slide": {
      "version": "1.1.6",
      "from": "slide@>=1.1.5 <2.0.0",
      "resolved": "http://rmci1.rocketmakers.net:8081/npm/NodeJS/slide/-/slide-1.1.6.tgz"
    },
    "sort-keys": {
      "version": "1.1.1",
      "from": "sort-keys@>=1.0.0 <2.0.0",
      "resolved": "https://registry.npmjs.org/sort-keys/-/sort-keys-1.1.1.tgz"
    },
    "string_decoder": {
      "version": "0.10.31",
      "from": "string_decoder@>=0.10.0 <0.11.0",
      "resolved": "https://registry.npmjs.org/string_decoder/-/string_decoder-0.10.31.tgz"
    },
    "string-template": {
      "version": "1.0.0",
      "from": "string-template@>=1.0.0 <2.0.0",
      "resolved": "https://registry.npmjs.org/string-template/-/string-template-1.0.0.tgz"
    },
    "string-width": {
      "version": "1.0.1",
      "from": "string-width@>=1.0.1 <2.0.0",
      "resolved": "https://registry.npmjs.org/string-width/-/string-width-1.0.1.tgz"
    },
    "strip-ansi": {
      "version": "3.0.1",
      "from": "strip-ansi@>=3.0.0 <4.0.0",
      "resolved": "https://registry.npmjs.org/strip-ansi/-/strip-ansi-3.0.1.tgz"
    },
    "strip-bom": {
      "version": "2.0.0",
      "from": "strip-bom@>=2.0.0 <3.0.0",
      "resolved": "https://registry.npmjs.org/strip-bom/-/strip-bom-2.0.0.tgz"
    },
    "strip-json-comments": {
      "version": "1.0.4",
      "from": "strip-json-comments@>=1.0.4 <1.1.0",
      "resolved": "https://registry.npmjs.org/strip-json-comments/-/strip-json-comments-1.0.4.tgz"
    },
    "supports-color": {
      "version": "2.0.0",
      "from": "supports-color@>=2.0.0 <3.0.0",
      "resolved": "https://registry.npmjs.org/supports-color/-/supports-color-2.0.0.tgz"
    },
    "thenify": {
      "version": "3.2.0",
      "from": "thenify@>=3.1.0 <4.0.0",
      "resolved": "https://registry.npmjs.org/thenify/-/thenify-3.2.0.tgz"
    },
    "throat": {
      "version": "2.0.2",
      "from": "throat@>=2.0.2 <3.0.0",
      "resolved": "https://registry.npmjs.org/throat/-/throat-2.0.2.tgz"
    },
    "timed-out": {
      "version": "2.0.0",
      "from": "timed-out@>=2.0.0 <3.0.0",
      "resolved": "https://registry.npmjs.org/timed-out/-/timed-out-2.0.0.tgz"
    },
    "touch": {
      "version": "1.0.0",
      "from": "touch@>=1.0.0 <2.0.0",
      "resolved": "http://rmci1.rocketmakers.net:8081/npm/NodeJS/touch/-/touch-1.0.0.tgz"
    },
    "tough-cookie": {
      "version": "2.2.2",
      "from": "tough-cookie@>=2.0.0 <3.0.0",
      "resolved": "https://registry.npmjs.org/tough-cookie/-/tough-cookie-2.2.2.tgz"
    },
    "typedarray": {
      "version": "0.0.6",
      "from": "typedarray@>=0.0.5 <0.1.0",
      "resolved": "https://registry.npmjs.org/typedarray/-/typedarray-0.0.6.tgz"
    },
    "typescript": {
      "version": "1.8.10",
      "from": "typescript@>=1.8.10 <2.0.0",
      "resolved": "https://registry.npmjs.org/typescript/-/typescript-1.8.10.tgz"
    },
    "typings-core": {
      "version": "0.3.0",
      "from": "typings-core@>=0.3.0 <0.4.0",
      "resolved": "https://registry.npmjs.org/typings-core/-/typings-core-0.3.0.tgz"
    },
    "ua-parser-js": {
      "version": "0.7.10",
      "from": "ua-parser-js@>=0.7.9 <0.8.0",
      "resolved": "http://rmci1.rocketmakers.net:8081/npm/NodeJS/ua-parser-js/-/ua-parser-js-0.7.10.tgz"
    },
    "unc-path-regex": {
      "version": "0.1.2",
      "from": "unc-path-regex@>=0.1.0 <0.2.0",
      "resolved": "https://registry.npmjs.org/unc-path-regex/-/unc-path-regex-0.1.2.tgz"
    },
    "underscore": {
      "version": "1.8.3",
      "from": "underscore@latest",
      "resolved": "http://rmci1.rocketmakers.net:8081/npm/NodeJS/underscore/-/underscore-1.8.3.tgz"
    },
    "unzip-response": {
      "version": "1.0.0",
      "from": "unzip-response@>=1.0.0 <2.0.0",
      "resolved": "https://registry.npmjs.org/unzip-response/-/unzip-response-1.0.0.tgz"
    },
    "update-notifier": {
      "version": "0.6.3",
      "from": "update-notifier@>=0.6.0 <0.7.0",
      "resolved": "https://registry.npmjs.org/update-notifier/-/update-notifier-0.6.3.tgz"
    },
    "url-parse-lax": {
      "version": "1.0.0",
      "from": "url-parse-lax@>=1.0.0 <2.0.0",
      "resolved": "https://registry.npmjs.org/url-parse-lax/-/url-parse-lax-1.0.0.tgz"
    },
    "util-deprecate": {
      "version": "1.0.2",
      "from": "util-deprecate@>=1.0.1 <1.1.0",
      "resolved": "https://registry.npmjs.org/util-deprecate/-/util-deprecate-1.0.2.tgz"
    },
    "uuid": {
      "version": "2.0.2",
      "from": "uuid@>=2.0.1 <3.0.0",
      "resolved": "https://registry.npmjs.org/uuid/-/uuid-2.0.2.tgz"
    },
    "wcwidth": {
      "version": "1.0.0",
      "from": "wcwidth@>=1.0.0 <2.0.0",
      "resolved": "https://registry.npmjs.org/wcwidth/-/wcwidth-1.0.0.tgz"
    },
    "whatwg-fetch": {
      "version": "0.11.0",
      "from": "whatwg-fetch@>=0.10.0",
      "resolved": "https://registry.npmjs.org/whatwg-fetch/-/whatwg-fetch-0.11.0.tgz"
    },
    "widest-line": {
      "version": "1.0.0",
      "from": "widest-line@>=1.0.0 <2.0.0",
      "resolved": "https://registry.npmjs.org/widest-line/-/widest-line-1.0.0.tgz"
    },
    "wordwrap": {
      "version": "1.0.0",
      "from": "wordwrap@>=1.0.0 <2.0.0",
      "resolved": "https://registry.npmjs.org/wordwrap/-/wordwrap-1.0.0.tgz"
    },
    "wrappy": {
      "version": "1.0.1",
      "from": "wrappy@>=1.0.0 <2.0.0",
      "resolved": "https://registry.npmjs.org/wrappy/-/wrappy-1.0.1.tgz"
    },
    "write-file-atomic": {
      "version": "1.1.4",
      "from": "write-file-atomic@>=1.1.2 <2.0.0",
      "resolved": "http://rmci1.rocketmakers.net:8081/npm/NodeJS/write-file-atomic/-/write-file-atomic-1.1.4.tgz"
    },
    "xdg-basedir": {
      "version": "2.0.0",
      "from": "xdg-basedir@>=2.0.0 <3.0.0",
      "resolved": "http://rmci1.rocketmakers.net:8081/npm/NodeJS/xdg-basedir/-/xdg-basedir-2.0.0.tgz"
    },
    "xtend": {
      "version": "4.0.1",
      "from": "xtend@>=4.0.1 <5.0.0",
      "resolved": "https://registry.npmjs.org/xtend/-/xtend-4.0.1.tgz"
    },
    "zip-object": {
      "version": "0.1.0",
      "from": "zip-object@>=0.1.0 <0.2.0",
      "resolved": "https://registry.npmjs.org/zip-object/-/zip-object-0.1.0.tgz"
    }
  }
}
