{
  "name": "armstrong-react-build",
  "version": "1.0.0",
  "lockfileVersion": 1,
  "requires": true,
  "dependencies": {
    "parallelshell": {
      "version": "3.0.2",
      "resolved": "https://registry.npmjs.org/parallelshell/-/parallelshell-3.0.2.tgz",
      "integrity": "sha512-aW73W8tmYiFZtQi41pweV3WWT6o/EvSxAVQHbumOhN53H47OuWQwrRc11xQ2i44GFvR5AjtzhD92r8Kv9X+7Iw==",
      "dev": true
    }
  }
}
